Microsoft Visual Studio Solution File, Format Version 12.00
# Visual Studio Version 17
VisualStudioVersion = 17.5.2.0
MinimumVisualStudioVersion = 10.0.40219.1
Project("{FAE04EC0-301F-11D3-BF4B-00C04F79EFBC}") = "Module11CodingChallenge", "Module11CodingChallenge\Module11CodingChallenge.csproj", "{637F526B-D4B4-0B14-2F46-4BFAA1004446}"
EndProject
Global
	GlobalSection(SolutionConfigurationPlatforms) = preSolution
		Debug|Any CPU = Debug|Any CPU
		Release|Any CPU = Release|Any CPU
	EndGlobalSection
	GlobalSection(ProjectConfigurationPlatforms) = postSolution
		{637F526B-D4B4-0B14-2F46-4BFAA1004446}.Debug|Any CPU.ActiveCfg = Debug|Any CPU
		{637F526B-D4B4-0B14-2F46-4BFAA1004446}.Debug|Any CPU.Build.0 = Debug|Any CPU
		{637F526B-D4B4-0B14-2F46-4BFAA1004446}.Release|Any CPU.ActiveCfg = Release|Any CPU
		{637F526B-D4B4-0B14-2F46-4BFAA1004446}.Release|Any CPU.Build.0 = Release|Any CPU
	EndGlobalSection
	GlobalSection(SolutionProperties) = preSolution
		HideSolutionNode = FALSE
	EndGlobalSection
	GlobalSection(ExtensibilityGlobals) = postSolution
		SolutionGuid = {B071820F-5E3E-4A42-B2D2-9582D9B336A3}
	EndGlobalSection
EndGlobal
